{
  "name": "nlp",
  "version": "0.1.0",
  "lockfileVersion": 1,
  "requires": true,
  "dependencies": {
    "node-cl-log": {
      "version": "1.0.3",
      "resolved": "https://registry.npmjs.org/node-cl-log/-/node-cl-log-1.0.3.tgz",
      "integrity": "sha512-gxLyAZs6gHCZEeA8JHQXMVCBh5ec9EIq3iAcNzYfeginGpVktmQJEvK/DGx5WeHleejB7bbzfw7L5JnUzMOqoA==",
      "dev": true
    }
  }
}
